
Microsoft Visual Studio Solution File, Format Version 12.00
# Visual Studio 2017
Project("{FAE04EC0-301F-11D3-BF4B-00C04F79EFBC}") = "FinalFinalFuzple", "FinalFinalFuzple.csproj", "{AC603A6F-D81A-EE1C-4F9E-F516A153D5A7}"
EndProject
Project("{FAE04EC0-301F-11D3-BF4B-00C04F79EFBC}") = "FinalFinalFuzple.Editor", "FinalFinalFuzple.Editor.csproj", "{5F434006-AD21-E22C-6507-B67C678485AD}"
EndProject
Global
	GlobalSection(SolutionConfigurationPlatforms) = preSolution
		Debug|Any CPU = Debug|Any CPU
		Release|Any CPU = Release|Any CPU
	EndGlobalSection
	GlobalSection(ProjectConfigurationPlatforms) = postSolution
		{AC603A6F-D81A-EE1C-4F9E-F516A153D5A7}.Debug|Any CPU.ActiveCfg = Debug|Any CPU
		{AC603A6F-D81A-EE1C-4F9E-F516A153D5A7}.Debug|Any CPU.Build.0 = Debug|Any CPU
		{AC603A6F-D81A-EE1C-4F9E-F516A153D5A7}.Release|Any CPU.ActiveCfg = Release|Any CPU
		{AC603A6F-D81A-EE1C-4F9E-F516A153D5A7}.Release|Any CPU.Build.0 = Release|Any CPU
		{5F434006-AD21-E22C-6507-B67C678485AD}.Debug|Any CPU.ActiveCfg = Debug|Any CPU
		{5F434006-AD21-E22C-6507-B67C678485AD}.Debug|Any CPU.Build.0 = Debug|Any CPU
		{5F434006-AD21-E22C-6507-B67C678485AD}.Release|Any CPU.ActiveCfg = Release|Any CPU
		{5F434006-AD21-E22C-6507-B67C678485AD}.Release|Any CPU.Build.0 = Release|Any CPU
	EndGlobalSection
	GlobalSection(SolutionProperties) = preSolution
		HideSolutionNode = FALSE
	EndGlobalSection
EndGlobal
